
Microsoft Visual Studio Solution File, Format Version 12.00
# Visual Studio Version 18
VisualStudioVersion = 18.2.11415.280 d18.0
MinimumVisualStudioVersion = 10.0.40219.1
Project("{FAE04EC0-301F-11D3-BF4B-00C04F79EFBC}") = "MECAGOENELTFG", "MECAGOENELTFG\MECAGOENELTFG.csproj", "{883B42A4-E5F9-4A4C-93A5-9F8D627BD709}"
EndProject
Project("{FAE04EC0-301F-11D3-BF4B-00C04F79EFBC}") = "SalovetAPI", "SalovetAPI\SalovetAPI.csproj", "{23E3659B-639A-4993-9391-E53EBDD18059}"
EndProject
Global
	GlobalSection(SolutionConfigurationPlatforms) = preSolution
		Debug|Any CPU = Debug|Any CPU
		Release|Any CPU = Release|Any CPU
	EndGlobalSection
	GlobalSection(ProjectConfigurationPlatforms) = postSolution
		{883B42A4-E5F9-4A4C-93A5-9F8D627BD709}.Debug|Any CPU.ActiveCfg = Debug|Any CPU
		{883B42A4-E5F9-4A4C-93A5-9F8D627BD709}.Debug|Any CPU.Build.0 = Debug|Any CPU
		{883B42A4-E5F9-4A4C-93A5-9F8D627BD709}.Debug|Any CPU.Deploy.0 = Debug|Any CPU
		{883B42A4-E5F9-4A4C-93A5-9F8D627BD709}.Release|Any CPU.ActiveCfg = Release|Any CPU
		{883B42A4-E5F9-4A4C-93A5-9F8D627BD709}.Release|Any CPU.Build.0 = Release|Any CPU
		{23E3659B-639A-4993-9391-E53EBDD18059}.Debug|Any CPU.ActiveCfg = Debug|Any CPU
		{23E3659B-639A-4993-9391-E53EBDD18059}.Debug|Any CPU.Build.0 = Debug|Any CPU
		{23E3659B-639A-4993-9391-E53EBDD18059}.Release|Any CPU.ActiveCfg = Release|Any CPU
		{23E3659B-639A-4993-9391-E53EBDD18059}.Release|Any CPU.Build.0 = Release|Any CPU
	EndGlobalSection
	GlobalSection(SolutionProperties) = preSolution
		HideSolutionNode = FALSE
	EndGlobalSection
	GlobalSection(ExtensibilityGlobals) = postSolution
		SolutionGuid = {F26CDB5C-4755-444C-BC9F-9738BF12CAF2}
	EndGlobalSection
EndGlobal
